
Microsoft Visual Studio Solution File, Format Version 12.00
# Visual Studio Version 17
VisualStudioVersion = 17.9.34723.18
MinimumVisualStudioVersion = 10.0.40219.1
Project("{FAE04EC0-301F-11D3-BF4B-00C04F79EFBC}") = "DotnetPdfGenerator", "DotnetPdfGenerator\DotnetPdfGenerator.csproj", "{61A7FB0A-4C18-4D49-B58C-8D431B907815}"
EndProject
Global
	GlobalSection(SolutionConfigurationPlatforms) = preSolution
		Debug|Any CPU = Debug|Any CPU
		Release|Any CPU = Release|Any CPU
	EndGlobalSection
	GlobalSection(ProjectConfigurationPlatforms) = postSolution
		{61A7FB0A-4C18-4D49-B58C-8D431B907815}.Debug|Any CPU.ActiveCfg = Debug|Any CPU
		{61A7FB0A-4C18-4D49-B58C-8D431B907815}.Debug|Any CPU.Build.0 = Debug|Any CPU
		{61A7FB0A-4C18-4D49-B58C-8D431B907815}.Release|Any CPU.ActiveCfg = Release|Any CPU
		{61A7FB0A-4C18-4D49-B58C-8D431B907815}.Release|Any CPU.Build.0 = Release|Any CPU
	EndGlobalSection
	GlobalSection(SolutionProperties) = preSolution
		HideSolutionNode = FALSE
	EndGlobalSection
	GlobalSection(ExtensibilityGlobals) = postSolution
		SolutionGuid = {4DDF4E45-A869-4758-8FC5-B16E1F478763}
	EndGlobalSection
EndGlobal
